
Microsoft Visual Studio Solution File, Format Version 12.00
# Visual Studio Version 17
VisualStudioVersion = 17.6.33723.286
MinimumVisualStudioVersion = 10.0.40219.1
Project("{FAE04EC0-301F-11D3-BF4B-00C04F79EFBC}") = "ConsoleApp1", "ConsoleApp1.csproj", "{43356774-FD02-4FDB-8139-56FE4CA3F3E8}"
EndProject
Global
	GlobalSection(SolutionConfigurationPlatforms) = preSolution
		Debug|Any CPU = Debug|Any CPU
		Release|Any CPU = Release|Any CPU
	EndGlobalSection
	GlobalSection(ProjectConfigurationPlatforms) = postSolution
		{43356774-FD02-4FDB-8139-56FE4CA3F3E8}.Debug|Any CPU.ActiveCfg = Debug|Any CPU
		{43356774-FD02-4FDB-8139-56FE4CA3F3E8}.Debug|Any CPU.Build.0 = Debug|Any CPU
		{43356774-FD02-4FDB-8139-56FE4CA3F3E8}.Release|Any CPU.ActiveCfg = Release|Any CPU
		{43356774-FD02-4FDB-8139-56FE4CA3F3E8}.Release|Any CPU.Build.0 = Release|Any CPU
	EndGlobalSection
	GlobalSection(SolutionProperties) = preSolution
		HideSolutionNode = FALSE
	EndGlobalSection
	GlobalSection(ExtensibilityGlobals) = postSolution
		SolutionGuid = {41C78E4D-45FE-4166-9B44-6E505438F4F5}
	EndGlobalSection
EndGlobal
